schema=1
gem5_commit=74e23aa96af321db127cf6ad1884753239181fd1
source_fingerprint_algorithm=2
source_fingerprint=3729abffa090da02841792b6892d26af056a31196a62c873dc234a6aa00fc0c2
binary_sha256=9fe63d9c6f856119510a5487e7f656a4baa296b578f5b88ec457edd30b4545d7
docker_image=sha256:97f3a0117f97284720ec58038bd02da90c55b56b8710bd76ffce6495df6e855b
