schema=1
gem5_commit=4c1f90498f89e15a3797cb50e9b534164bc57536
source_fingerprint_algorithm=2
source_fingerprint=c3abf42fd3aacc814dc04775e3521fbc55dfb746ac86a5c3497ccf9b69fdb2cd
binary_sha256=a395b7efdaef1067223bf1e3d82780f0bdde190bee99735b12e10c377e1777a1
docker_image=sha256:97f3a0117f97284720ec58038bd02da90c55b56b8710bd76ffce6495df6e855b
